
Microsoft Visual Studio Solution File, Format Version 12.00
# Visual Studio Version 17
VisualStudioVersion = 17.2.32519.379
MinimumVisualStudioVersion = 10.0.40219.1
Project("{FAE04EC0-301F-11D3-BF4B-00C04F79EFBC}") = "QueuePractice", "QueuePractice.csproj", "{1754CC94-D575-47D1-8C58-11A87B4A99DE}"
EndProject
Global
	GlobalSection(SolutionConfigurationPlatforms) = preSolution
		Debug|Any CPU = Debug|Any CPU
		Release|Any CPU = Release|Any CPU
	EndGlobalSection
	GlobalSection(ProjectConfigurationPlatforms) = postSolution
		{1754CC94-D575-47D1-8C58-11A87B4A99DE}.Debug|Any CPU.ActiveCfg = Debug|Any CPU
		{1754CC94-D575-47D1-8C58-11A87B4A99DE}.Debug|Any CPU.Build.0 = Debug|Any CPU
		{1754CC94-D575-47D1-8C58-11A87B4A99DE}.Release|Any CPU.ActiveCfg = Release|Any CPU
		{1754CC94-D575-47D1-8C58-11A87B4A99DE}.Release|Any CPU.Build.0 = Release|Any CPU
	EndGlobalSection
	GlobalSection(SolutionProperties) = preSolution
		HideSolutionNode = FALSE
	EndGlobalSection
	GlobalSection(ExtensibilityGlobals) = postSolution
		SolutionGuid = {46712260-96E6-4AC5-828F-B5E282211759}
	EndGlobalSection
EndGlobal
